<?xml version="1.0" encoding="utf-8"?>
<Project ToolsVersion="4.0" xmlns="http://schemas.microsoft.com/developer/msbuild/2003">
  <ItemGroup>
    <Filter Include="db">
      <UniqueIdentifier>{51d80bfb-81cb-4cf2-9327-3af31251d78d}</UniqueIdentifier>
    </Filter>
    <Filter Include="server">
      <UniqueIdentifier>{6e5e5dff-abd7-4788-895d-a253486817e7}</UniqueIdentifier>
    </Filter>
    <Filter Include="player">
      <UniqueIdentifier>{1e82a207-bd5d-4302-90a0-f0513964abd2}</UniqueIdentifier>
    </Filter>
    <Filter Include="net">
      <UniqueIdentifier>{8167f72a-c83f-45af-a598-3f886c752997}</UniqueIdentifier>
    </Filter>
    <Filter Include="def">
      <UniqueIdentifier>{d9833815-0f0b-43e3-89b4-831290df6f2e}</UniqueIdentifier>
    </Filter>
  </ItemGroup>
  <ItemGroup>
    <ClInclude Include="DBLoginHandler.h">
      <Filter>db</Filter>
    </ClInclude>
    <ClInclude Include="NetChatHandler.h">
      <Filter>net</Filter>
    </ClInclude>
    <ClInclude Include="NetLoginHandler.h">
      <Filter>net</Filter>
    </ClInclude>
    <ClInclude Include="GameCommand.h">
      <Filter>server</Filter>
    </ClInclude>
    <ClInclude Include="GameDB.h">
      <Filter>db</Filter>
    </ClInclude>
    <ClInclude Include="NetMsgHandler.h">
      <Filter>net</Filter>
    </ClInclude>
    <ClInclude Include="GameConfig.h">
      <Filter>server</Filter>
    </ClInclude>
    <ClInclude Include="Server_PCH.h">
      <Filter>def</Filter>
    </ClInclude>
    <ClInclude Include="PlayerMgr.h">
      <Filter>player</Filter>
    </ClInclude>
    <ClInclude Include="Player.h">
      <Filter>player</Filter>
    </ClInclude>
    <ClInclude Include="ResourceMgr.h">
      <Filter>server</Filter>
    </ClInclude>
    <ClInclude Include="GlobalVar.h">
      <Filter>def</Filter>
    </ClInclude>
  </ItemGroup>
  <ItemGroup>
    <ClCompile Include="DBLoginHandler.cpp">
      <Filter>db</Filter>
    </ClCompile>
    <ClCompile Include="NetChatHandler.cpp">
      <Filter>net</Filter>
    </ClCompile>
    <ClCompile Include="NetLoginHandler.cpp">
      <Filter>net</Filter>
    </ClCompile>
    <ClCompile Include="NetMsgHandler.cpp">
      <Filter>net</Filter>
    </ClCompile>
    <ClCompile Include="GameCommand.cpp">
      <Filter>server</Filter>
    </ClCompile>
    <ClCompile Include="main.cpp">
      <Filter>server</Filter>
    </ClCompile>
    <ClCompile Include="GameConfig.cpp">
      <Filter>server</Filter>
    </ClCompile>
    <ClCompile Include="Server_PCH.cpp">
      <Filter>def</Filter>
    </ClCompile>
    <ClCompile Include="PlayerMgr.cpp">
      <Filter>player</Filter>
    </ClCompile>
    <ClCompile Include="Player.cpp">
      <Filter>player</Filter>
    </ClCompile>
    <ClCompile Include="GlobalVar.cpp">
      <Filter>def</Filter>
    </ClCompile>
  </ItemGroup>
</Project>