
Microsoft Visual Studio Solution File, Format Version 12.00
# Visual Studio 2012
Project("{8BC9CEB8-8B4A-11D0-8D11-00A0C91BC942}") = "server", "server.vcxproj", "{829E0827-60F0-4827-B7FD-62E69BCB5CE7}"
EndProject
Project("{8BC9CEB8-8B4A-11D0-8D11-00A0C91BC942}") = "clientCtl", "..\clientCtl\clientCtl.vcxproj", "{DB419A60-BD06-492E-9650-235A18D4A24C}"
EndProject
Project("{8BC9CEB8-8B4A-11D0-8D11-00A0C91BC942}") = "Shared", "..\Shared\Shared.vcxproj", "{F8E33488-6C09-48A6-AF02-4644982928B5}"
EndProject
Global
	GlobalSection(SolutionConfigurationPlatforms) = preSolution
		Debug|Win32 = Debug|Win32
		Release|Win32 = Release|Win32
	EndGlobalSection
	GlobalSection(ProjectConfigurationPlatforms) = postSolution
		{829E0827-60F0-4827-B7FD-62E69BCB5CE7}.Debug|Win32.ActiveCfg = Debug|Win32
		{829E0827-60F0-4827-B7FD-62E69BCB5CE7}.Debug|Win32.Build.0 = Debug|Win32
		{829E0827-60F0-4827-B7FD-62E69BCB5CE7}.Release|Win32.ActiveCfg = Release|Win32
		{829E0827-60F0-4827-B7FD-62E69BCB5CE7}.Release|Win32.Build.0 = Release|Win32
		{DB419A60-BD06-492E-9650-235A18D4A24C}.Debug|Win32.ActiveCfg = Debug|Win32
		{DB419A60-BD06-492E-9650-235A18D4A24C}.Debug|Win32.Build.0 = Debug|Win32
		{DB419A60-BD06-492E-9650-235A18D4A24C}.Release|Win32.ActiveCfg = Release|Win32
		{DB419A60-BD06-492E-9650-235A18D4A24C}.Release|Win32.Build.0 = Release|Win32
		{F8E33488-6C09-48A6-AF02-4644982928B5}.Debug|Win32.ActiveCfg = Debug|Win32
		{F8E33488-6C09-48A6-AF02-4644982928B5}.Debug|Win32.Build.0 = Debug|Win32
		{F8E33488-6C09-48A6-AF02-4644982928B5}.Release|Win32.ActiveCfg = Release|Win32
		{F8E33488-6C09-48A6-AF02-4644982928B5}.Release|Win32.Build.0 = Release|Win32
	EndGlobalSection
	GlobalSection(SolutionProperties) = preSolution
		HideSolutionNode = FALSE
	EndGlobalSection
EndGlobal
